{
  "version": 4,
  "terraform_version": "1.11.3",
  "serial": 2,
  "lineage": "0f7a89bc-3a29-0fd3-e25f-0e9f97c1e5bd",
  "outputs": {},
  "resources": [
    {
      "module": "module.compute",
      "mode": "managed",
      "type": "google_container_cluster",
      "name": "ml_cluster",
      "provider": "provider[\"registry.terraform.io/hashicorp/google\"]",
      "instances": [
        {
          "schema_version": 1,
          "attributes": {
            "addons_config": [
              {
                "cloudrun_config": [],
                "config_connector_config": [],
                "dns_cache_config": [],
                "gce_persistent_disk_csi_driver_config": [
                  {
                    "enabled": true
                  }
                ],
                "gcp_filestore_csi_driver_config": [],
                "gcs_fuse_csi_driver_config": [],
                "gke_backup_agent_config": [],
                "horizontal_pod_autoscaling": [],
                "http_load_balancing": [],
                "network_policy_config": [
                  {
                    "disabled": true
                  }
                ]
              }
            ],
            "allow_net_admin": null,
            "authenticator_groups_config": [],
            "binary_authorization": [
              {
                "enabled": false,
                "evaluation_mode": ""
              }
            ],
            "cluster_autoscaling": [
              {
                "auto_provisioning_defaults": [],
                "enabled": false,
                "resource_limits": []
              }
            ],
            "cluster_ipv4_cidr": "10.16.0.0/14",
            "confidential_nodes": [],
            "cost_management_config": [],
            "database_encryption": [
              {
                "key_name": "",
                "state": "DECRYPTED"
              }
            ],
            "datapath_provider": "",
            "default_max_pods_per_node": 110,
            "default_snat_status": [
              {
                "disabled": false
              }
            ],
            "description": "",
            "dns_config": [],
            "enable_autopilot": false,
            "enable_binary_authorization": false,
            "enable_intranode_visibility": false,
            "enable_k8s_beta_apis": [],
            "enable_kubernetes_alpha": false,
            "enable_l4_ilb_subsetting": false,
            "enable_legacy_abac": false,
            "enable_shielded_nodes": true,
            "enable_tpu": false,
            "endpoint": "34.123.235.12",
            "gateway_api_config": [],
            "id": "projects/scalewithlee/locations/us-central1/clusters/dev-ml-cluster",
            "initial_node_count": 1,
            "ip_allocation_policy": [
              {
                "additional_pod_ranges_config": [],
                "cluster_ipv4_cidr_block": "10.16.0.0/14",
                "cluster_secondary_range_name": "pod-range",
                "pod_cidr_overprovision_config": [
                  {
                    "disabled": false
                  }
                ],
                "services_ipv4_cidr_block": "10.20.0.0/20",
                "services_secondary_range_name": "service-range",
                "stack_type": "IPV4"
              }
            ],
            "label_fingerprint": "a9dc16a7",
            "location": "us-central1",
            "logging_config": [
              {
                "enable_components": [
                  "SYSTEM_COMPONENTS",
                  "WORKLOADS"
                ]
              }
            ],
            "logging_service": "logging.googleapis.com/kubernetes",
            "maintenance_policy": [],
            "master_auth": [
              {
                "client_certificate": "",
                "client_certificate_config": [
                  {
                    "issue_client_certificate": false
                  }
                ],
                "client_key": "",
                "cluster_ca_certificate": "LS0tLS1CRUdJTiBDRVJUSUZJQ0FURS0tLS0tCk1JSUVMRENDQXBTZ0F3SUJBZ0lRZE40V0ZmRkIxMXltczFEQk9HaStrVEFOQmdrcWhraUc5dzBCQVFzRkFEQXYKTVMwd0t3WURWUVFERXlSa1l6UXpaVEExTnkweE5EUXhMVFExWlRrdE9EWTBaUzFpWWprMU1UaGtZemcyWldVdwpJQmNOTWpVd05UQTBNRGswT0RVd1doZ1BNakExTlRBME1qY3hNRFE0TlRCYU1DOHhMVEFyQmdOVkJBTVRKR1JqCk5ETmxNRFUzTFRFME5ERXRORFZsT1MwNE5qUmxMV0ppT1RVeE9HUmpPRFpsWlRDQ0FhSXdEUVlKS29aSWh2Y04KQVFFQkJRQURnZ0dQQURDQ0FZb0NnZ0dCQU5wZjNDSkpqSFZSQTRzRXdvdzhZRmVnengzT2V0eFhsZE5VeG0rdQp2QzBqQTdGaEk4UW52K3ZIK0dCWithaVhGYzZnSThGdkxxNURjQURhVHo1anhHcVI1YjBNdk9mODd6VXl2VG5ECkwxYU10RHN0b011anpQMzU4TFpraUVGSlhpbHRrN2c3a2xOTEpCcGF4dStTTTVyN1pSR1BJRitzQ1loVmhVaFcKdXV6c2xBK0w1TzhGQnd2NGo0cEN1ZHFWTXA2TTFmWGlvbEpIMVNDeTMxVHMwSENtY0RlVjNIZW1HeG82eGJ5RQpUdDdmLzZqSExiK2p6THRvdVdFVDVxZUJITzcrMjdibFFJTlgzdVpsc3hQdWNPMUlQY2VhQ0k2M25FdjdIa3BPCjZvN2J0TVpHVnVBSS9vWno1U1pnanRmdnA3MGhZQk1IQ0tKQndMQTJabjNFbkJ2M0RzRi9RUGsyRnBRWGpJYWMKUVRId1lFTzZ2VUpCY3hBbzRnZnFQZzBZK0U3NlByZFBacno3VkZPN3ZsdHVPZVgya2tCN1hXY3VGWmRRQjFrNgpIMFNzVFBHNzhMbE9weGF2VGlOclVTaHZPS2tFUmpubzlDRTJNckVhdTY3TXNCbHBJYUs3bmcvemtSTGViN1BmCkVzYkRHbXZ1S1RpdnZCU2VXOFBodnk2TytRSURBUUFCbzBJd1FEQU9CZ05WSFE4QkFmOEVCQU1DQWdRd0R3WUQKVlIwVEFRSC9CQVV3QXdFQi96QWRCZ05WSFE0RUZnUVVvZkVzYnBMTGl2NTR2UEx0ZS9uT2EvWXdhaG93RFFZSgpLb1pJaHZjTkFRRUxCUUFEZ2dHQkFGOGxIQkYrRE1vNDFjOFpOcnJLNDBhUFUvRXBPa00zakVaVjBaWlhqT3hXCjM1MjNIWGdQNEJraHNTeGpjdURqTlVvSml5YlBPa2E1aGZGTnRGam5jdE92c2lrU0Y5V0NPMUNoVUpwVm5HQXkKSFQxaDY5aU42VmJNeW5sL29tWFhXL2h2b21rM0I5MTE4K3lTQ2ZPWW5jZUExc2JhamZKcDlGU016eDVoWEF0NQpYSXYraGIySC9UOVFtNGRTaXYxMmtxcW1nTk9zeFFHMUdKd2YwbkpLazBrK2krTjJra0JZcG51bm1CNTU1R0xlCjNnY2lpdUNOYjgxaGFuZkVKdkZ5ZjBwZ0dwYURYczZ2NFl1QkxMaTVlQlRCZjRjVGRLd0ljbGVTUHNaaHAwR0QKdTdvOWxOR0piekJFWmNGak1xczE2RW1GN2hhdXNuZjBLQ1FPNnFvTktTQVdER3N0T0lIWktlbXRkYllSREhIcQpFUURJK2hoci9vMWtwa3VJUUw5N0NsUlBBMDVTMGRZamdGU0MxUm8wdzU1SjgyWndVa2c1Z2s5M1k2TVI0NmZHCk9HVFFHOXN1L0hFMlBaZWF4VVAwTVNmQ2hLNEphZnlmV2lpUkJvU2p3STdmSE15QkNLZkJVVVF6OGJ0bFRsNnkKUTE3SFRZcHpDeE41VWd4eFQ3UU14UT09Ci0tLS0tRU5EIENFUlRJRklDQVRFLS0tLS0K"
              }
            ],
            "master_authorized_networks_config": [
              {
                "cidr_blocks": [
                  {
                    "cidr_block": "0.0.0.0/0",
                    "display_name": "All networks"
                  }
                ],
                "gcp_public_cidrs_access_enabled": true
              }
            ],
            "master_version": "1.32.2-gke.1182003",
            "mesh_certificates": [],
            "min_master_version": null,
            "monitoring_config": [
              {
                "advanced_datapath_observability_config": [
                  {
                    "enable_metrics": false,
                    "relay_mode": ""
                  }
                ],
                "enable_components": [
                  "SYSTEM_COMPONENTS",
                  "STORAGE",
                  "HPA",
                  "POD",
                  "DAEMONSET",
                  "DEPLOYMENT",
                  "STATEFULSET",
                  "JOBSET",
                  "CADVISOR",
                  "KUBELET",
                  "DCGM"
                ],
                "managed_prometheus": [
                  {
                    "enabled": true
                  }
                ]
              }
            ],
            "monitoring_service": "monitoring.googleapis.com/kubernetes",
            "name": "dev-ml-cluster",
            "network": "projects/scalewithlee/global/networks/dev-ml-network",
            "network_policy": [
              {
                "enabled": false,
                "provider": "PROVIDER_UNSPECIFIED"
              }
            ],
            "networking_mode": "VPC_NATIVE",
            "node_config": [
              {
                "advanced_machine_features": [],
                "boot_disk_kms_key": "",
                "confidential_nodes": [],
                "disk_size_gb": 50,
                "disk_type": "pd-ssd",
                "ephemeral_storage_local_ssd_config": [],
                "fast_socket": [],
                "gcfs_config": [],
                "guest_accelerator": [],
                "gvnic": [],
                "host_maintenance_policy": [],
                "image_type": "COS_CONTAINERD",
                "kubelet_config": [
                  {
                    "cpu_cfs_quota": false,
                    "cpu_cfs_quota_period": "",
                    "cpu_manager_policy": "static",
                    "pod_pids_limit": 0
                  }
                ],
                "labels": {
                  "environment": "dev",
                  "role": "ml-workload"
                },
                "linux_node_config": [],
                "local_nvme_ssd_block_config": [],
                "local_ssd_count": 0,
                "logging_variant": "DEFAULT",
                "machine_type": "e2-standard-4",
                "metadata": {
                  "disable-legacy-endpoints": "true"
                },
                "min_cpu_platform": "",
                "node_group": "",
                "oauth_scopes": [
                  "https://www.googleapis.com/auth/cloud-platform"
                ],
                "preemptible": false,
                "reservation_affinity": [],
                "resource_labels": {
                  "goog-gke-node-pool-provisioning-model": "on-demand"
                },
                "service_account": "dev-gke-sa@scalewithlee.iam.gserviceaccount.com",
                "shielded_instance_config": [
                  {
                    "enable_integrity_monitoring": true,
                    "enable_secure_boot": false
                  }
                ],
                "sole_tenant_config": [],
                "spot": false,
                "tags": [
                  "dev-ml-nodes"
                ],
                "taint": [],
                "workload_metadata_config": [
                  {
                    "mode": "GKE_METADATA"
                  }
                ]
              }
            ],
            "node_locations": [
              "us-central1-a",
              "us-central1-b"
            ],
            "node_pool": [
              {
                "autoscaling": [],
                "initial_node_count": 2,
                "instance_group_urls": [
                  "https://www.googleapis.com/compute/v1/projects/scalewithlee/zones/us-central1-a/instanceGroupManagers/gke-dev-ml-cluster-dev-ml-node-pool-66554528-grp",
                  "https://www.googleapis.com/compute/v1/projects/scalewithlee/zones/us-central1-b/instanceGroupManagers/gke-dev-ml-cluster-dev-ml-node-pool-a9b638f7-grp"
                ],
                "managed_instance_group_urls": [
                  "https://www.googleapis.com/compute/v1/projects/scalewithlee/zones/us-central1-a/instanceGroups/gke-dev-ml-cluster-dev-ml-node-pool-66554528-grp",
                  "https://www.googleapis.com/compute/v1/projects/scalewithlee/zones/us-central1-b/instanceGroups/gke-dev-ml-cluster-dev-ml-node-pool-a9b638f7-grp"
                ],
                "management": [
                  {
                    "auto_repair": true,
                    "auto_upgrade": true
                  }
                ],
                "max_pods_per_node": 110,
                "name": "dev-ml-node-pool",
                "name_prefix": "",
                "network_config": [
                  {
                    "create_pod_range": false,
                    "enable_private_nodes": true,
                    "pod_cidr_overprovision_config": [],
                    "pod_ipv4_cidr_block": "10.16.0.0/14",
                    "pod_range": "pod-range"
                  }
                ],
                "node_config": [
                  {
                    "advanced_machine_features": [],
                    "boot_disk_kms_key": "",
                    "confidential_nodes": [],
                    "disk_size_gb": 50,
                    "disk_type": "pd-ssd",
                    "ephemeral_storage_local_ssd_config": [],
                    "fast_socket": [],
                    "gcfs_config": [],
                    "guest_accelerator": [],
                    "gvnic": [],
                    "host_maintenance_policy": [],
                    "image_type": "COS_CONTAINERD",
                    "kubelet_config": [
                      {
                        "cpu_cfs_quota": false,
                        "cpu_cfs_quota_period": "",
                        "cpu_manager_policy": "static",
                        "pod_pids_limit": 0
                      }
                    ],
                    "labels": {
                      "environment": "dev",
                      "role": "ml-workload"
                    },
                    "linux_node_config": [],
                    "local_nvme_ssd_block_config": [],
                    "local_ssd_count": 0,
                    "logging_variant": "DEFAULT",
                    "machine_type": "e2-standard-4",
                    "metadata": {
                      "disable-legacy-endpoints": "true"
                    },
                    "min_cpu_platform": "",
                    "node_group": "",
                    "oauth_scopes": [
                      "https://www.googleapis.com/auth/cloud-platform"
                    ],
                    "preemptible": false,
                    "reservation_affinity": [],
                    "resource_labels": {
                      "goog-gke-node-pool-provisioning-model": "on-demand"
                    },
                    "service_account": "dev-gke-sa@scalewithlee.iam.gserviceaccount.com",
                    "shielded_instance_config": [
                      {
                        "enable_integrity_monitoring": true,
                        "enable_secure_boot": false
                      }
                    ],
                    "sole_tenant_config": [],
                    "spot": false,
                    "tags": [
                      "dev-ml-nodes"
                    ],
                    "taint": [],
                    "workload_metadata_config": [
                      {
                        "mode": "GKE_METADATA"
                      }
                    ]
                  }
                ],
                "node_count": 2,
                "node_locations": [
                  "us-central1-a",
                  "us-central1-b"
                ],
                "placement_policy": [],
                "upgrade_settings": [
                  {
                    "blue_green_settings": [],
                    "max_surge": 1,
                    "max_unavailable": 0,
                    "strategy": "SURGE"
                  }
                ],
                "version": "1.32.2-gke.1182003"
              }
            ],
            "node_pool_auto_config": [
              {
                "network_tags": []
              }
            ],
            "node_pool_defaults": [
              {
                "node_config_defaults": [
                  {
                    "logging_variant": "DEFAULT"
                  }
                ]
              }
            ],
            "node_version": "1.32.2-gke.1182003",
            "notification_config": [
              {
                "pubsub": [
                  {
                    "enabled": false,
                    "filter": [],
                    "topic": ""
                  }
                ]
              }
            ],
            "operation": null,
            "private_cluster_config": [
              {
                "enable_private_endpoint": false,
                "enable_private_nodes": true,
                "master_global_access_config": [
                  {
                    "enabled": false
                  }
                ],
                "master_ipv4_cidr_block": "172.16.0.0/28",
                "peering_name": "",
                "private_endpoint": "172.16.0.2",
                "private_endpoint_subnetwork": "",
                "public_endpoint": "34.123.235.12"
              }
            ],
            "private_ipv6_google_access": "",
            "project": "scalewithlee",
            "release_channel": [
              {
                "channel": "REGULAR"
              }
            ],
            "remove_default_node_pool": true,
            "resource_labels": {},
            "resource_usage_export_config": [],
            "security_posture_config": [
              {
                "mode": "BASIC",
                "vulnerability_mode": "VULNERABILITY_MODE_UNSPECIFIED"
              }
            ],
            "self_link": "https://container.googleapis.com/v1/projects/scalewithlee/locations/us-central1/clusters/dev-ml-cluster",
            "service_external_ips_config": [
              {
                "enabled": false
              }
            ],
            "services_ipv4_cidr": "10.20.0.0/20",
            "subnetwork": "projects/scalewithlee/regions/us-central1/subnetworks/dev-gke-subnet",
            "timeouts": null,
            "tpu_ipv4_cidr_block": "",
            "vertical_pod_autoscaling": [],
            "workload_identity_config": [
              {
                "workload_pool": "scalewithlee.svc.id.goog"
              }
            ]
          },
          "sensitive_attributes": [],
          "private": "eyJlMmJmYjczMC1lY2FhLTExZTYtOGY4OC0zNDM2M2JjN2M0YzAiOnsiY3JlYXRlIjoyNDAwMDAwMDAwMDAwLCJkZWxldGUiOjI0MDAwMDAwMDAwMDAsInJlYWQiOjI0MDAwMDAwMDAwMDAsInVwZGF0ZSI6MzYwMDAwMDAwMDAwMH0sInNjaGVtYV92ZXJzaW9uIjoiMSJ9",
          "dependencies": [
            "module.foundational.google_compute_network.ml_network",
            "module.foundational.google_compute_subnetwork.gke_subnet"
          ]
        }
      ]
    },
    {
      "module": "module.compute",
      "mode": "managed",
      "type": "google_container_node_pool",
      "name": "ml_nodes",
      "provider": "provider[\"registry.terraform.io/hashicorp/google\"]",
      "instances": [
        {
          "schema_version": 1,
          "attributes": {
            "autoscaling": [],
            "cluster": "projects/scalewithlee/locations/us-central1/clusters/dev-ml-cluster",
            "id": "projects/scalewithlee/locations/us-central1/clusters/dev-ml-cluster/nodePools/dev-ml-node-pool",
            "initial_node_count": 2,
            "instance_group_urls": [
              "https://www.googleapis.com/compute/v1/projects/scalewithlee/zones/us-central1-a/instanceGroupManagers/gke-dev-ml-cluster-dev-ml-node-pool-66554528-grp",
              "https://www.googleapis.com/compute/v1/projects/scalewithlee/zones/us-central1-b/instanceGroupManagers/gke-dev-ml-cluster-dev-ml-node-pool-a9b638f7-grp"
            ],
            "location": "us-central1",
            "managed_instance_group_urls": [
              "https://www.googleapis.com/compute/v1/projects/scalewithlee/zones/us-central1-a/instanceGroups/gke-dev-ml-cluster-dev-ml-node-pool-66554528-grp",
              "https://www.googleapis.com/compute/v1/projects/scalewithlee/zones/us-central1-b/instanceGroups/gke-dev-ml-cluster-dev-ml-node-pool-a9b638f7-grp"
            ],
            "management": [
              {
                "auto_repair": true,
                "auto_upgrade": true
              }
            ],
            "max_pods_per_node": 110,
            "name": "dev-ml-node-pool",
            "name_prefix": "",
            "network_config": [
              {
                "create_pod_range": false,
                "enable_private_nodes": true,
                "pod_cidr_overprovision_config": [],
                "pod_ipv4_cidr_block": "10.16.0.0/14",
                "pod_range": "pod-range"
              }
            ],
            "node_config": [
              {
                "advanced_machine_features": [],
                "boot_disk_kms_key": "",
                "confidential_nodes": [],
                "disk_size_gb": 50,
                "disk_type": "pd-ssd",
                "ephemeral_storage_local_ssd_config": [],
                "fast_socket": [],
                "gcfs_config": [],
                "guest_accelerator": [],
                "gvnic": [],
                "host_maintenance_policy": [],
                "image_type": "COS_CONTAINERD",
                "kubelet_config": [
                  {
                    "cpu_cfs_quota": false,
                    "cpu_cfs_quota_period": "",
                    "cpu_manager_policy": "static",
                    "pod_pids_limit": 0
                  }
                ],
                "labels": {
                  "environment": "dev",
                  "role": "ml-workload"
                },
                "linux_node_config": [],
                "local_nvme_ssd_block_config": [],
                "local_ssd_count": 0,
                "logging_variant": "DEFAULT",
                "machine_type": "e2-standard-4",
                "metadata": {
                  "disable-legacy-endpoints": "true"
                },
                "min_cpu_platform": "",
                "node_group": "",
                "oauth_scopes": [
                  "https://www.googleapis.com/auth/cloud-platform"
                ],
                "preemptible": false,
                "reservation_affinity": [],
                "resource_labels": {
                  "goog-gke-node-pool-provisioning-model": "on-demand"
                },
                "service_account": "dev-gke-sa@scalewithlee.iam.gserviceaccount.com",
                "shielded_instance_config": [
                  {
                    "enable_integrity_monitoring": true,
                    "enable_secure_boot": false
                  }
                ],
                "sole_tenant_config": [],
                "spot": false,
                "tags": [
                  "dev-ml-nodes"
                ],
                "taint": [],
                "workload_metadata_config": [
                  {
                    "mode": "GKE_METADATA"
                  }
                ]
              }
            ],
            "node_count": 2,
            "node_locations": [
              "us-central1-a",
              "us-central1-b"
            ],
            "operation": null,
            "placement_policy": [],
            "project": "scalewithlee",
            "timeouts": null,
            "upgrade_settings": [
              {
                "blue_green_settings": [],
                "max_surge": 1,
                "max_unavailable": 0,
                "strategy": "SURGE"
              }
            ],
            "version": "1.32.2-gke.1182003"
          },
          "sensitive_attributes": [],
          "private": "eyJlMmJmYjczMC1lY2FhLTExZTYtOGY4OC0zNDM2M2JjN2M0YzAiOnsiY3JlYXRlIjoxODAwMDAwMDAwMDAwLCJkZWxldGUiOjE4MDAwMDAwMDAwMDAsInVwZGF0ZSI6MTgwMDAwMDAwMDAwMH0sInNjaGVtYV92ZXJzaW9uIjoiMSJ9",
          "dependencies": [
            "module.foundational.google_compute_network.ml_network",
            "module.foundational.google_compute_subnetwork.gke_subnet",
            "module.ml_infra.google_container_cluster.ml_cluster",
            "module.security.google_service_account.gke_service_account"
          ]
        }
      ]
    }
  ],
  "check_results": null
}
